<Solution>
  <Project Path="1/1.csproj" Id="ea13aa30-68b2-4b24-9d44-7b4bce926324" />
  <Project Path="10/10.csproj" Id="1c9a34b9-9694-4ffa-b450-3119e1b9323a" />
  <Project Path="11/11.csproj" Id="abec637b-8d6b-4ffb-8d91-3d98ea988a24" />
  <Project Path="12/12.csproj" Id="ce66a4ef-1fd4-4531-8638-d46a5e3f513e" />
  <Project Path="13/13.csproj" Id="dcc0e57a-1c26-4f4d-9ede-ece6034305a9" />
  <Project Path="14/14.csproj" Id="5fc86c49-faca-46b7-a8ef-c4cc06d426b0" />
  <Project Path="15/15.csproj" Id="3d77d9b8-ea78-408d-a3cf-0476e38d4860" />
  <Project Path="16/16.csproj" Id="4d1a0123-84cd-4eee-ac46-c522e6d6d7fe" />
  <Project Path="17/17.csproj" Id="24f4f983-487c-4ce3-8c27-adfa4ae3ea7f" />
  <Project Path="2/2.csproj" Id="ed8ee6fa-1010-46e5-826e-d2f2ce9f7065" />
  <Project Path="3/3.csproj" Id="320f67fa-c805-4fa7-ba6b-4eff223a67ac" />
  <Project Path="4/4.csproj" Id="6a4f19ff-f6be-4d62-aa84-d1540c58a487" />
  <Project Path="5/5.csproj" Id="c0893f5e-af7f-4565-a170-d5d365b604b2" />
  <Project Path="6/6.csproj" Id="55bd9f63-1640-4dc2-9b43-4f5239cc059b" />
  <Project Path="7/7.csproj" Id="28ef00a8-889c-4137-98da-edaa75e791d2" />
  <Project Path="8/8.csproj" Id="8b17bbb2-b245-42b4-b799-c98f08aa9de0" />
  <Project Path="9/9.csproj" Id="f3ed0b09-095e-43c4-bdd5-2092979087fd" />
</Solution>
