<Solution>
  <Project Path="1/1.csproj" Id="ea13aa30-68b2-4b24-9d44-7b4bce926324" />
  <Project Path="2/2.csproj" Id="ed8ee6fa-1010-46e5-826e-d2f2ce9f7065" />
  <Project Path="3/3.csproj" Id="320f67fa-c805-4fa7-ba6b-4eff223a67ac" />
  <Project Path="4/4.csproj" Id="6a4f19ff-f6be-4d62-aa84-d1540c58a487" />
  <Project Path="5/5.csproj" Id="c0893f5e-af7f-4565-a170-d5d365b604b2" />
  <Project Path="6/6.csproj" Id="55bd9f63-1640-4dc2-9b43-4f5239cc059b" />
  <Project Path="7/7.csproj" Id="28ef00a8-889c-4137-98da-edaa75e791d2" />
</Solution>
